
Microsoft Visual Studio Solution File, Format Version 11.00
# Visual Studio 2010
Project("{E24C65DC-7377-472B-9ABA-BC803B73C61A}") = "Astrodon", ".", "{8C1127E2-8883-476D-A4AC-23EAD8CC5B03}"
	ProjectSection(WebsiteProperties) = preProject
		TargetFrameworkMoniker = ".NETFramework,Version%3Dv4.0"
		Debug.AspNetCompiler.VirtualPath = "/Astrodon"
		Debug.AspNetCompiler.PhysicalPath = "..\Active Projects\Astrodon\Astrodon\"
		Debug.AspNetCompiler.TargetPath = "PrecompiledWeb\Astrodon\"
		Debug.AspNetCompiler.Updateable = "true"
		Debug.AspNetCompiler.ForceOverwrite = "true"
		Debug.AspNetCompiler.FixedNames = "false"
		Debug.AspNetCompiler.Debug = "True"
		Release.AspNetCompiler.VirtualPath = "/Astrodon"
		Release.AspNetCompiler.PhysicalPath = "..\Active Projects\Astrodon\Astrodon\"
		Release.AspNetCompiler.TargetPath = "PrecompiledWeb\Astrodon\"
		Release.AspNetCompiler.Updateable = "true"
		Release.AspNetCompiler.ForceOverwrite = "true"
		Release.AspNetCompiler.FixedNames = "false"
		Release.AspNetCompiler.Debug = "False"
		VWDPort = "55902"
	EndProjectSection
EndProject
Global
	GlobalSection(SolutionConfigurationPlatforms) = preSolution
		Debug|Any CPU = Debug|Any CPU
	EndGlobalSection
	GlobalSection(ProjectConfigurationPlatforms) = postSolution
		{8C1127E2-8883-476D-A4AC-23EAD8CC5B03}.Debug|Any CPU.ActiveCfg = Debug|Any CPU
		{8C1127E2-8883-476D-A4AC-23EAD8CC5B03}.Debug|Any CPU.Build.0 = Debug|Any CPU
	EndGlobalSection
	GlobalSection(SolutionProperties) = preSolution
		HideSolutionNode = FALSE
	EndGlobalSection
EndGlobal
